
Microsoft Visual Studio Solution File, Format Version 12.00
# Visual Studio 2013
VisualStudioVersion = 12.0.31101.0
MinimumVisualStudioVersion = 10.0.40219.1
Project("{FAE04EC0-301F-11D3-BF4B-00C04F79EFBC}") = "Esp.Tools.OpenVPN.UI", "Esp.Tools.OpenVPN.UI\Esp.Tools.OpenVPN.UI.csproj", "{8A79B4C9-2752-4503-850D-63C252E77999}"
EndProject
Project("{FAE04EC0-301F-11D3-BF4B-00C04F79EFBC}") = "Esp.Tools.OpenVPN.IPCProtocol", "Esp.Tools.OpenVPN.IPCProtocol\Esp.Tools.OpenVPN.IPCProtocol.csproj", "{092F0406-8B22-4A73-8806-196720B2AC36}"
EndProject
Project("{FAE04EC0-301F-11D3-BF4B-00C04F79EFBC}") = "Esp.Tools.OpenVPN.Hosting", "Esp.Tools.OpenVPN.Hosting\Esp.Tools.OpenVPN.Hosting.csproj", "{4EB4A0FF-1F86-4F97-8E0B-BAD78214743A}"
EndProject
Project("{FAE04EC0-301F-11D3-BF4B-00C04F79EFBC}") = "Esp.Tools.OpenVPN.ServiceHost", "Esp.Tools.OpenVPN.ServiceHost\Esp.Tools.OpenVPN.ServiceHost.csproj", "{239F956D-7DA1-4060-BC14-0D4F62B6AC5E}"
EndProject
Project("{FAE04EC0-301F-11D3-BF4B-00C04F79EFBC}") = "ESP-OVPNGui", "TestApp\ESP-OVPNGui.csproj", "{0A2BB135-B66E-4C81-BA76-63BD49A1E461}"
EndProject
Project("{FAE04EC0-301F-11D3-BF4B-00C04F79EFBC}") = "Esp.Tools.OpenVPN.CLI", "Esp.Tools.OpenVPN.CLI\Esp.Tools.OpenVPN.CLI.csproj", "{9B231B8E-5D47-4988-858C-62AC042B5248}"
EndProject
Project("{FAE04EC0-301F-11D3-BF4B-00C04F79EFBC}") = "Esp.Tools.OpenVPN.Client", "Esp.Tools.OpenVPN.Client\Esp.Tools.OpenVPN.Client.csproj", "{F6DFAE6B-76FE-4BA5-8AA1-9351A2762B8B}"
EndProject
Project("{FAE04EC0-301F-11D3-BF4B-00C04F79EFBC}") = "Esp.Tools.OpenVPN.Configuration", "Esp.Tools.OpenVPN.Configuration\Esp.Tools.OpenVPN.Configuration.csproj", "{20388739-CF5D-4C82-93B4-A3DBFF00CF19}"
EndProject
Project("{FAE04EC0-301F-11D3-BF4B-00C04F79EFBC}") = "Esp.Tools.OpenVPN.Configuration.UI", "Esp.Tools.OpenVPN.Configuration.UI\Esp.Tools.OpenVPN.Configuration.UI.csproj", "{4899C659-4247-4E13-9406-651C14A34183}"
EndProject
Project("{FAE04EC0-301F-11D3-BF4B-00C04F79EFBC}") = "Esp.Tools.OpenVPN.SharedUI", "Esp.Tools.OpenVPN.SharedUI\Esp.Tools.OpenVPN.SharedUI.csproj", "{1AF186DB-BCAB-4407-BEEC-19A4328CF5F7}"
EndProject
Project("{FAE04EC0-301F-11D3-BF4B-00C04F79EFBC}") = "ICSharpCode.SharpZLib", "ThirdParty\SharpZipLib\src\ICSharpCode.SharpZLib.csproj", "{0E7413FF-EB9E-4714-ACF2-BE3A6A7B2FFD}"
EndProject
Project("{FAE04EC0-301F-11D3-BF4B-00C04F79EFBC}") = "Esp.Tools.OpenVPN.ConnectionFile", "Esp.Tools.OpenVPN.ConnectionFile\Esp.Tools.OpenVPN.ConnectionFile.csproj", "{16059C68-E707-406B-A36B-E95AF78C9B7C}"
EndProject
Project("{930C7802-8A8C-48F9-8165-68863BCCD9DD}") = "Esp.Tools.OpenVPN.Installer", "Esp.Tools.OpenVPN.Installer\Esp.Tools.OpenVPN.Installer.wixproj", "{FE11E500-8EDB-4833-954C-C510B6B071B8}"
	ProjectSection(ProjectDependencies) = postProject
		{092F0406-8B22-4A73-8806-196720B2AC36} = {092F0406-8B22-4A73-8806-196720B2AC36}
		{20388739-CF5D-4C82-93B4-A3DBFF00CF19} = {20388739-CF5D-4C82-93B4-A3DBFF00CF19}
		{4899C659-4247-4E13-9406-651C14A34183} = {4899C659-4247-4E13-9406-651C14A34183}
		{AB2CE862-7D0A-44E0-A5AF-16277C691884} = {AB2CE862-7D0A-44E0-A5AF-16277C691884}
		{16059C68-E707-406B-A36B-E95AF78C9B7C} = {16059C68-E707-406B-A36B-E95AF78C9B7C}
		{F6DFAE6B-76FE-4BA5-8AA1-9351A2762B8B} = {F6DFAE6B-76FE-4BA5-8AA1-9351A2762B8B}
		{239F956D-7DA1-4060-BC14-0D4F62B6AC5E} = {239F956D-7DA1-4060-BC14-0D4F62B6AC5E}
		{9B231B8E-5D47-4988-858C-62AC042B5248} = {9B231B8E-5D47-4988-858C-62AC042B5248}
		{8A79B4C9-2752-4503-850D-63C252E77999} = {8A79B4C9-2752-4503-850D-63C252E77999}
		{D17158DA-9933-43EA-8F64-4B3440413768} = {D17158DA-9933-43EA-8F64-4B3440413768}
		{1AF186DB-BCAB-4407-BEEC-19A4328CF5F7} = {1AF186DB-BCAB-4407-BEEC-19A4328CF5F7}
		{0E7413FF-EB9E-4714-ACF2-BE3A6A7B2FFD} = {0E7413FF-EB9E-4714-ACF2-BE3A6A7B2FFD}
		{4EB4A0FF-1F86-4F97-8E0B-BAD78214743A} = {4EB4A0FF-1F86-4F97-8E0B-BAD78214743A}
	EndProjectSection
EndProject
Project("{FAE04EC0-301F-11D3-BF4B-00C04F79EFBC}") = "Esp.Tools.OpenVPN.Certificates", "Esp.Tools.OpenVPN.Certificates\Esp.Tools.OpenVPN.Certificates.csproj", "{A6246878-4F92-4CF0-BB68-D754D8A7CDED}"
EndProject
Project("{FAE04EC0-301F-11D3-BF4B-00C04F79EFBC}") = "Esp.Tools.OpenVPN.ConnectionFile.Editor", "Esp.Tools.OpenVPN.ConnectionFile.Editor\Esp.Tools.OpenVPN.ConnectionFile.Editor.csproj", "{D17158DA-9933-43EA-8F64-4B3440413768}"
EndProject
Project("{FAE04EC0-301F-11D3-BF4B-00C04F79EFBC}") = "Esp.Tools.OpenVPN.EventLog", "Esp.Tools.OpenVPN.EventLog\Esp.Tools.OpenVPN.EventLog.csproj", "{F25B7A6C-469E-40A5-B919-8A86EDD938B8}"
EndProject
Project("{FAE04EC0-301F-11D3-BF4B-00C04F79EFBC}") = "MakeOpenVPNConfig", "MakeOpenVPNConfig\MakeOpenVPNConfig.csproj", "{AB2CE862-7D0A-44E0-A5AF-16277C691884}"
EndProject
Global
	GlobalSection(SolutionConfigurationPlatforms) = preSolution
		Debug|Any CPU = Debug|Any CPU
		Debug|Mixed Platforms = Debug|Mixed Platforms
		Debug|x64 = Debug|x64
		Debug|x86 = Debug|x86
		Release|Any CPU = Release|Any CPU
		Release|Mixed Platforms = Release|Mixed Platforms
		Release|x64 = Release|x64
		Release|x86 = Release|x86
	EndGlobalSection
	GlobalSection(ProjectConfigurationPlatforms) = postSolution
		{8A79B4C9-2752-4503-850D-63C252E77999}.Debug|Any CPU.ActiveCfg = Debug|x86
		{8A79B4C9-2752-4503-850D-63C252E77999}.Debug|Mixed Platforms.ActiveCfg = Debug|x86
		{8A79B4C9-2752-4503-850D-63C252E77999}.Debug|Mixed Platforms.Build.0 = Debug|x86
		{8A79B4C9-2752-4503-850D-63C252E77999}.Debug|x64.ActiveCfg = Debug|x64
		{8A79B4C9-2752-4503-850D-63C252E77999}.Debug|x64.Build.0 = Debug|x64
		{8A79B4C9-2752-4503-850D-63C252E77999}.Debug|x86.ActiveCfg = Debug|x86
		{8A79B4C9-2752-4503-850D-63C252E77999}.Debug|x86.Build.0 = Debug|x86
		{8A79B4C9-2752-4503-850D-63C252E77999}.Release|Any CPU.ActiveCfg = Release|x86
		{8A79B4C9-2752-4503-850D-63C252E77999}.Release|Mixed Platforms.ActiveCfg = Release|x86
		{8A79B4C9-2752-4503-850D-63C252E77999}.Release|Mixed Platforms.Build.0 = Release|x86
		{8A79B4C9-2752-4503-850D-63C252E77999}.Release|x64.ActiveCfg = Release|x64
		{8A79B4C9-2752-4503-850D-63C252E77999}.Release|x64.Build.0 = Release|x64
		{8A79B4C9-2752-4503-850D-63C252E77999}.Release|x86.ActiveCfg = Release|x86
		{8A79B4C9-2752-4503-850D-63C252E77999}.Release|x86.Build.0 = Release|x86
		{092F0406-8B22-4A73-8806-196720B2AC36}.Debug|Any CPU.ActiveCfg = Debug|Any CPU
		{092F0406-8B22-4A73-8806-196720B2AC36}.Debug|Any CPU.Build.0 = Debug|Any CPU
		{092F0406-8B22-4A73-8806-196720B2AC36}.Debug|Mixed Platforms.ActiveCfg = Debug|Any CPU
		{092F0406-8B22-4A73-8806-196720B2AC36}.Debug|Mixed Platforms.Build.0 = Debug|Any CPU
		{092F0406-8B22-4A73-8806-196720B2AC36}.Debug|x64.ActiveCfg = Debug|x64
		{092F0406-8B22-4A73-8806-196720B2AC36}.Debug|x64.Build.0 = Debug|x64
		{092F0406-8B22-4A73-8806-196720B2AC36}.Debug|x86.ActiveCfg = Debug|x86
		{092F0406-8B22-4A73-8806-196720B2AC36}.Debug|x86.Build.0 = Debug|x86
		{092F0406-8B22-4A73-8806-196720B2AC36}.Release|Any CPU.ActiveCfg = Release|Any CPU
		{092F0406-8B22-4A73-8806-196720B2AC36}.Release|Any CPU.Build.0 = Release|Any CPU
		{092F0406-8B22-4A73-8806-196720B2AC36}.Release|Mixed Platforms.ActiveCfg = Release|Any CPU
		{092F0406-8B22-4A73-8806-196720B2AC36}.Release|Mixed Platforms.Build.0 = Release|Any CPU
		{092F0406-8B22-4A73-8806-196720B2AC36}.Release|x64.ActiveCfg = Release|x64
		{092F0406-8B22-4A73-8806-196720B2AC36}.Release|x64.Build.0 = Release|x64
		{092F0406-8B22-4A73-8806-196720B2AC36}.Release|x86.ActiveCfg = Release|x86
		{092F0406-8B22-4A73-8806-196720B2AC36}.Release|x86.Build.0 = Release|x86
		{4EB4A0FF-1F86-4F97-8E0B-BAD78214743A}.Debug|Any CPU.ActiveCfg = Debug|Any CPU
		{4EB4A0FF-1F86-4F97-8E0B-BAD78214743A}.Debug|Any CPU.Build.0 = Debug|Any CPU
		{4EB4A0FF-1F86-4F97-8E0B-BAD78214743A}.Debug|Mixed Platforms.ActiveCfg = Debug|Any CPU
		{4EB4A0FF-1F86-4F97-8E0B-BAD78214743A}.Debug|Mixed Platforms.Build.0 = Debug|Any CPU
		{4EB4A0FF-1F86-4F97-8E0B-BAD78214743A}.Debug|x64.ActiveCfg = Debug|x64
		{4EB4A0FF-1F86-4F97-8E0B-BAD78214743A}.Debug|x64.Build.0 = Debug|x64
		{4EB4A0FF-1F86-4F97-8E0B-BAD78214743A}.Debug|x86.ActiveCfg = Debug|x86
		{4EB4A0FF-1F86-4F97-8E0B-BAD78214743A}.Debug|x86.Build.0 = Debug|x86
		{4EB4A0FF-1F86-4F97-8E0B-BAD78214743A}.Release|Any CPU.ActiveCfg = Release|Any CPU
		{4EB4A0FF-1F86-4F97-8E0B-BAD78214743A}.Release|Any CPU.Build.0 = Release|Any CPU
		{4EB4A0FF-1F86-4F97-8E0B-BAD78214743A}.Release|Mixed Platforms.ActiveCfg = Release|Any CPU
		{4EB4A0FF-1F86-4F97-8E0B-BAD78214743A}.Release|Mixed Platforms.Build.0 = Release|Any CPU
		{4EB4A0FF-1F86-4F97-8E0B-BAD78214743A}.Release|x64.ActiveCfg = Release|x64
		{4EB4A0FF-1F86-4F97-8E0B-BAD78214743A}.Release|x64.Build.0 = Release|x64
		{4EB4A0FF-1F86-4F97-8E0B-BAD78214743A}.Release|x86.ActiveCfg = Release|x86
		{4EB4A0FF-1F86-4F97-8E0B-BAD78214743A}.Release|x86.Build.0 = Release|x86
		{239F956D-7DA1-4060-BC14-0D4F62B6AC5E}.Debug|Any CPU.ActiveCfg = Debug|x86
		{239F956D-7DA1-4060-BC14-0D4F62B6AC5E}.Debug|Mixed Platforms.ActiveCfg = Debug|x86
		{239F956D-7DA1-4060-BC14-0D4F62B6AC5E}.Debug|Mixed Platforms.Build.0 = Debug|x86
		{239F956D-7DA1-4060-BC14-0D4F62B6AC5E}.Debug|x64.ActiveCfg = Debug|x64
		{239F956D-7DA1-4060-BC14-0D4F62B6AC5E}.Debug|x64.Build.0 = Debug|x64
		{239F956D-7DA1-4060-BC14-0D4F62B6AC5E}.Debug|x86.ActiveCfg = Debug|x86
		{239F956D-7DA1-4060-BC14-0D4F62B6AC5E}.Debug|x86.Build.0 = Debug|x86
		{239F956D-7DA1-4060-BC14-0D4F62B6AC5E}.Release|Any CPU.ActiveCfg = Release|x86
		{239F956D-7DA1-4060-BC14-0D4F62B6AC5E}.Release|Mixed Platforms.ActiveCfg = Release|x86
		{239F956D-7DA1-4060-BC14-0D4F62B6AC5E}.Release|Mixed Platforms.Build.0 = Release|x86
		{239F956D-7DA1-4060-BC14-0D4F62B6AC5E}.Release|x64.ActiveCfg = Release|x64
		{239F956D-7DA1-4060-BC14-0D4F62B6AC5E}.Release|x64.Build.0 = Release|x64
		{239F956D-7DA1-4060-BC14-0D4F62B6AC5E}.Release|x86.ActiveCfg = Release|x86
		{239F956D-7DA1-4060-BC14-0D4F62B6AC5E}.Release|x86.Build.0 = Release|x86
		{0A2BB135-B66E-4C81-BA76-63BD49A1E461}.Debug|Any CPU.ActiveCfg = Debug|x86
		{0A2BB135-B66E-4C81-BA76-63BD49A1E461}.Debug|Mixed Platforms.ActiveCfg = Debug|x86
		{0A2BB135-B66E-4C81-BA76-63BD49A1E461}.Debug|Mixed Platforms.Build.0 = Debug|x86
		{0A2BB135-B66E-4C81-BA76-63BD49A1E461}.Debug|x64.ActiveCfg = Debug|x64
		{0A2BB135-B66E-4C81-BA76-63BD49A1E461}.Debug|x64.Build.0 = Debug|x64
		{0A2BB135-B66E-4C81-BA76-63BD49A1E461}.Debug|x86.ActiveCfg = Debug|x86
		{0A2BB135-B66E-4C81-BA76-63BD49A1E461}.Debug|x86.Build.0 = Debug|x86
		{0A2BB135-B66E-4C81-BA76-63BD49A1E461}.Release|Any CPU.ActiveCfg = Release|x86
		{0A2BB135-B66E-4C81-BA76-63BD49A1E461}.Release|Mixed Platforms.ActiveCfg = Release|x86
		{0A2BB135-B66E-4C81-BA76-63BD49A1E461}.Release|Mixed Platforms.Build.0 = Release|x86
		{0A2BB135-B66E-4C81-BA76-63BD49A1E461}.Release|x64.ActiveCfg = Release|x64
		{0A2BB135-B66E-4C81-BA76-63BD49A1E461}.Release|x64.Build.0 = Release|x64
		{0A2BB135-B66E-4C81-BA76-63BD49A1E461}.Release|x86.ActiveCfg = Release|x86
		{0A2BB135-B66E-4C81-BA76-63BD49A1E461}.Release|x86.Build.0 = Release|x86
		{9B231B8E-5D47-4988-858C-62AC042B5248}.Debug|Any CPU.ActiveCfg = Debug|x86
		{9B231B8E-5D47-4988-858C-62AC042B5248}.Debug|Mixed Platforms.ActiveCfg = Debug|x86
		{9B231B8E-5D47-4988-858C-62AC042B5248}.Debug|Mixed Platforms.Build.0 = Debug|x86
		{9B231B8E-5D47-4988-858C-62AC042B5248}.Debug|x64.ActiveCfg = Debug|x64
		{9B231B8E-5D47-4988-858C-62AC042B5248}.Debug|x64.Build.0 = Debug|x64
		{9B231B8E-5D47-4988-858C-62AC042B5248}.Debug|x86.ActiveCfg = Debug|x86
		{9B231B8E-5D47-4988-858C-62AC042B5248}.Debug|x86.Build.0 = Debug|x86
		{9B231B8E-5D47-4988-858C-62AC042B5248}.Release|Any CPU.ActiveCfg = Release|x86
		{9B231B8E-5D47-4988-858C-62AC042B5248}.Release|Mixed Platforms.ActiveCfg = Release|x86
		{9B231B8E-5D47-4988-858C-62AC042B5248}.Release|Mixed Platforms.Build.0 = Release|x86
		{9B231B8E-5D47-4988-858C-62AC042B5248}.Release|x64.ActiveCfg = Release|x64
		{9B231B8E-5D47-4988-858C-62AC042B5248}.Release|x64.Build.0 = Release|x64
		{9B231B8E-5D47-4988-858C-62AC042B5248}.Release|x86.ActiveCfg = Release|x86
		{9B231B8E-5D47-4988-858C-62AC042B5248}.Release|x86.Build.0 = Release|x86
		{F6DFAE6B-76FE-4BA5-8AA1-9351A2762B8B}.Debug|Any CPU.ActiveCfg = Debug|x86
		{F6DFAE6B-76FE-4BA5-8AA1-9351A2762B8B}.Debug|Mixed Platforms.ActiveCfg = Debug|x86
		{F6DFAE6B-76FE-4BA5-8AA1-9351A2762B8B}.Debug|Mixed Platforms.Build.0 = Debug|x86
		{F6DFAE6B-76FE-4BA5-8AA1-9351A2762B8B}.Debug|x64.ActiveCfg = Debug|x64
		{F6DFAE6B-76FE-4BA5-8AA1-9351A2762B8B}.Debug|x64.Build.0 = Debug|x64
		{F6DFAE6B-76FE-4BA5-8AA1-9351A2762B8B}.Debug|x86.ActiveCfg = Debug|x86
		{F6DFAE6B-76FE-4BA5-8AA1-9351A2762B8B}.Debug|x86.Build.0 = Debug|x86
		{F6DFAE6B-76FE-4BA5-8AA1-9351A2762B8B}.Release|Any CPU.ActiveCfg = Release|x86
		{F6DFAE6B-76FE-4BA5-8AA1-9351A2762B8B}.Release|Mixed Platforms.ActiveCfg = Release|x86
		{F6DFAE6B-76FE-4BA5-8AA1-9351A2762B8B}.Release|Mixed Platforms.Build.0 = Release|x86
		{F6DFAE6B-76FE-4BA5-8AA1-9351A2762B8B}.Release|x64.ActiveCfg = Release|x64
		{F6DFAE6B-76FE-4BA5-8AA1-9351A2762B8B}.Release|x64.Build.0 = Release|x64
		{F6DFAE6B-76FE-4BA5-8AA1-9351A2762B8B}.Release|x86.ActiveCfg = Release|x86
		{F6DFAE6B-76FE-4BA5-8AA1-9351A2762B8B}.Release|x86.Build.0 = Release|x86
		{20388739-CF5D-4C82-93B4-A3DBFF00CF19}.Debug|Any CPU.ActiveCfg = Debug|x86
		{20388739-CF5D-4C82-93B4-A3DBFF00CF19}.Debug|Mixed Platforms.ActiveCfg = Debug|x86
		{20388739-CF5D-4C82-93B4-A3DBFF00CF19}.Debug|Mixed Platforms.Build.0 = Debug|x86
		{20388739-CF5D-4C82-93B4-A3DBFF00CF19}.Debug|x64.ActiveCfg = Debug|x64
		{20388739-CF5D-4C82-93B4-A3DBFF00CF19}.Debug|x64.Build.0 = Debug|x64
		{20388739-CF5D-4C82-93B4-A3DBFF00CF19}.Debug|x86.ActiveCfg = Debug|x86
		{20388739-CF5D-4C82-93B4-A3DBFF00CF19}.Debug|x86.Build.0 = Debug|x86
		{20388739-CF5D-4C82-93B4-A3DBFF00CF19}.Release|Any CPU.ActiveCfg = Release|x86
		{20388739-CF5D-4C82-93B4-A3DBFF00CF19}.Release|Mixed Platforms.ActiveCfg = Release|x86
		{20388739-CF5D-4C82-93B4-A3DBFF00CF19}.Release|Mixed Platforms.Build.0 = Release|x86
		{20388739-CF5D-4C82-93B4-A3DBFF00CF19}.Release|x64.ActiveCfg = Release|x64
		{20388739-CF5D-4C82-93B4-A3DBFF00CF19}.Release|x64.Build.0 = Release|x64
		{20388739-CF5D-4C82-93B4-A3DBFF00CF19}.Release|x86.ActiveCfg = Release|x86
		{20388739-CF5D-4C82-93B4-A3DBFF00CF19}.Release|x86.Build.0 = Release|x86
		{4899C659-4247-4E13-9406-651C14A34183}.Debug|Any CPU.ActiveCfg = Debug|x86
		{4899C659-4247-4E13-9406-651C14A34183}.Debug|Mixed Platforms.ActiveCfg = Debug|x86
		{4899C659-4247-4E13-9406-651C14A34183}.Debug|Mixed Platforms.Build.0 = Debug|x86
		{4899C659-4247-4E13-9406-651C14A34183}.Debug|x64.ActiveCfg = Debug|x64
		{4899C659-4247-4E13-9406-651C14A34183}.Debug|x64.Build.0 = Debug|x64
		{4899C659-4247-4E13-9406-651C14A34183}.Debug|x86.ActiveCfg = Debug|x86
		{4899C659-4247-4E13-9406-651C14A34183}.Debug|x86.Build.0 = Debug|x86
		{4899C659-4247-4E13-9406-651C14A34183}.Release|Any CPU.ActiveCfg = Release|x86
		{4899C659-4247-4E13-9406-651C14A34183}.Release|Mixed Platforms.ActiveCfg = Release|x86
		{4899C659-4247-4E13-9406-651C14A34183}.Release|Mixed Platforms.Build.0 = Release|x86
		{4899C659-4247-4E13-9406-651C14A34183}.Release|x64.ActiveCfg = Release|x64
		{4899C659-4247-4E13-9406-651C14A34183}.Release|x64.Build.0 = Release|x64
		{4899C659-4247-4E13-9406-651C14A34183}.Release|x86.ActiveCfg = Release|x86
		{4899C659-4247-4E13-9406-651C14A34183}.Release|x86.Build.0 = Release|x86
		{1AF186DB-BCAB-4407-BEEC-19A4328CF5F7}.Debug|Any CPU.ActiveCfg = Debug|x86
		{1AF186DB-BCAB-4407-BEEC-19A4328CF5F7}.Debug|Mixed Platforms.ActiveCfg = Debug|x86
		{1AF186DB-BCAB-4407-BEEC-19A4328CF5F7}.Debug|Mixed Platforms.Build.0 = Debug|x86
		{1AF186DB-BCAB-4407-BEEC-19A4328CF5F7}.Debug|x64.ActiveCfg = Debug|x64
		{1AF186DB-BCAB-4407-BEEC-19A4328CF5F7}.Debug|x64.Build.0 = Debug|x64
		{1AF186DB-BCAB-4407-BEEC-19A4328CF5F7}.Debug|x86.ActiveCfg = Debug|x86
		{1AF186DB-BCAB-4407-BEEC-19A4328CF5F7}.Debug|x86.Build.0 = Debug|x86
		{1AF186DB-BCAB-4407-BEEC-19A4328CF5F7}.Release|Any CPU.ActiveCfg = Release|x86
		{1AF186DB-BCAB-4407-BEEC-19A4328CF5F7}.Release|Mixed Platforms.ActiveCfg = Release|x86
		{1AF186DB-BCAB-4407-BEEC-19A4328CF5F7}.Release|Mixed Platforms.Build.0 = Release|x86
		{1AF186DB-BCAB-4407-BEEC-19A4328CF5F7}.Release|x64.ActiveCfg = Release|x64
		{1AF186DB-BCAB-4407-BEEC-19A4328CF5F7}.Release|x64.Build.0 = Release|x64
		{1AF186DB-BCAB-4407-BEEC-19A4328CF5F7}.Release|x86.ActiveCfg = Release|x86
		{1AF186DB-BCAB-4407-BEEC-19A4328CF5F7}.Release|x86.Build.0 = Release|x86
		{0E7413FF-EB9E-4714-ACF2-BE3A6A7B2FFD}.Debug|Any CPU.ActiveCfg = Debug|Any CPU
		{0E7413FF-EB9E-4714-ACF2-BE3A6A7B2FFD}.Debug|Any CPU.Build.0 = Debug|Any CPU
		{0E7413FF-EB9E-4714-ACF2-BE3A6A7B2FFD}.Debug|Mixed Platforms.ActiveCfg = Debug|Any CPU
		{0E7413FF-EB9E-4714-ACF2-BE3A6A7B2FFD}.Debug|Mixed Platforms.Build.0 = Debug|Any CPU
		{0E7413FF-EB9E-4714-ACF2-BE3A6A7B2FFD}.Debug|x64.ActiveCfg = Debug|Any CPU
		{0E7413FF-EB9E-4714-ACF2-BE3A6A7B2FFD}.Debug|x64.Build.0 = Debug|Any CPU
		{0E7413FF-EB9E-4714-ACF2-BE3A6A7B2FFD}.Debug|x86.ActiveCfg = Debug|Any CPU
		{0E7413FF-EB9E-4714-ACF2-BE3A6A7B2FFD}.Debug|x86.Build.0 = Debug|Any CPU
		{0E7413FF-EB9E-4714-ACF2-BE3A6A7B2FFD}.Release|Any CPU.ActiveCfg = Release|Any CPU
		{0E7413FF-EB9E-4714-ACF2-BE3A6A7B2FFD}.Release|Any CPU.Build.0 = Release|Any CPU
		{0E7413FF-EB9E-4714-ACF2-BE3A6A7B2FFD}.Release|Mixed Platforms.ActiveCfg = Release|Any CPU
		{0E7413FF-EB9E-4714-ACF2-BE3A6A7B2FFD}.Release|Mixed Platforms.Build.0 = Release|Any CPU
		{0E7413FF-EB9E-4714-ACF2-BE3A6A7B2FFD}.Release|x64.ActiveCfg = Release|Any CPU
		{0E7413FF-EB9E-4714-ACF2-BE3A6A7B2FFD}.Release|x64.Build.0 = Release|Any CPU
		{0E7413FF-EB9E-4714-ACF2-BE3A6A7B2FFD}.Release|x86.ActiveCfg = Release|Any CPU
		{0E7413FF-EB9E-4714-ACF2-BE3A6A7B2FFD}.Release|x86.Build.0 = Release|Any CPU
		{16059C68-E707-406B-A36B-E95AF78C9B7C}.Debug|Any CPU.ActiveCfg = Debug|Any CPU
		{16059C68-E707-406B-A36B-E95AF78C9B7C}.Debug|Any CPU.Build.0 = Debug|Any CPU
		{16059C68-E707-406B-A36B-E95AF78C9B7C}.Debug|Mixed Platforms.ActiveCfg = Debug|Any CPU
		{16059C68-E707-406B-A36B-E95AF78C9B7C}.Debug|Mixed Platforms.Build.0 = Debug|Any CPU
		{16059C68-E707-406B-A36B-E95AF78C9B7C}.Debug|x64.ActiveCfg = Debug|x64
		{16059C68-E707-406B-A36B-E95AF78C9B7C}.Debug|x64.Build.0 = Debug|x64
		{16059C68-E707-406B-A36B-E95AF78C9B7C}.Debug|x86.ActiveCfg = Debug|x86
		{16059C68-E707-406B-A36B-E95AF78C9B7C}.Debug|x86.Build.0 = Debug|x86
		{16059C68-E707-406B-A36B-E95AF78C9B7C}.Release|Any CPU.ActiveCfg = Release|Any CPU
		{16059C68-E707-406B-A36B-E95AF78C9B7C}.Release|Any CPU.Build.0 = Release|Any CPU
		{16059C68-E707-406B-A36B-E95AF78C9B7C}.Release|Mixed Platforms.ActiveCfg = Release|Any CPU
		{16059C68-E707-406B-A36B-E95AF78C9B7C}.Release|Mixed Platforms.Build.0 = Release|Any CPU
		{16059C68-E707-406B-A36B-E95AF78C9B7C}.Release|x64.ActiveCfg = Release|x64
		{16059C68-E707-406B-A36B-E95AF78C9B7C}.Release|x64.Build.0 = Release|x64
		{16059C68-E707-406B-A36B-E95AF78C9B7C}.Release|x86.ActiveCfg = Release|x86
		{16059C68-E707-406B-A36B-E95AF78C9B7C}.Release|x86.Build.0 = Release|x86
		{FE11E500-8EDB-4833-954C-C510B6B071B8}.Debug|Any CPU.ActiveCfg = Debug|x86
		{FE11E500-8EDB-4833-954C-C510B6B071B8}.Debug|Mixed Platforms.ActiveCfg = Debug|x86
		{FE11E500-8EDB-4833-954C-C510B6B071B8}.Debug|Mixed Platforms.Build.0 = Debug|x86
		{FE11E500-8EDB-4833-954C-C510B6B071B8}.Debug|x64.ActiveCfg = Debug|x64
		{FE11E500-8EDB-4833-954C-C510B6B071B8}.Debug|x86.ActiveCfg = Debug|x86
		{FE11E500-8EDB-4833-954C-C510B6B071B8}.Release|Any CPU.ActiveCfg = Release|x86
		{FE11E500-8EDB-4833-954C-C510B6B071B8}.Release|Mixed Platforms.ActiveCfg = Release|x86
		{FE11E500-8EDB-4833-954C-C510B6B071B8}.Release|Mixed Platforms.Build.0 = Release|x86
		{FE11E500-8EDB-4833-954C-C510B6B071B8}.Release|x64.ActiveCfg = Release|x64
		{FE11E500-8EDB-4833-954C-C510B6B071B8}.Release|x64.Build.0 = Release|x64
		{FE11E500-8EDB-4833-954C-C510B6B071B8}.Release|x86.ActiveCfg = Release|x86
		{FE11E500-8EDB-4833-954C-C510B6B071B8}.Release|x86.Build.0 = Release|x86
		{A6246878-4F92-4CF0-BB68-D754D8A7CDED}.Debug|Any CPU.ActiveCfg = Debug|Any CPU
		{A6246878-4F92-4CF0-BB68-D754D8A7CDED}.Debug|Any CPU.Build.0 = Debug|Any CPU
		{A6246878-4F92-4CF0-BB68-D754D8A7CDED}.Debug|Mixed Platforms.ActiveCfg = Debug|Any CPU
		{A6246878-4F92-4CF0-BB68-D754D8A7CDED}.Debug|Mixed Platforms.Build.0 = Debug|Any CPU
		{A6246878-4F92-4CF0-BB68-D754D8A7CDED}.Debug|x64.ActiveCfg = Debug|x64
		{A6246878-4F92-4CF0-BB68-D754D8A7CDED}.Debug|x64.Build.0 = Debug|x64
		{A6246878-4F92-4CF0-BB68-D754D8A7CDED}.Debug|x86.ActiveCfg = Debug|x86
		{A6246878-4F92-4CF0-BB68-D754D8A7CDED}.Debug|x86.Build.0 = Debug|x86
		{A6246878-4F92-4CF0-BB68-D754D8A7CDED}.Release|Any CPU.ActiveCfg = Release|Any CPU
		{A6246878-4F92-4CF0-BB68-D754D8A7CDED}.Release|Any CPU.Build.0 = Release|Any CPU
		{A6246878-4F92-4CF0-BB68-D754D8A7CDED}.Release|Mixed Platforms.ActiveCfg = Release|Any CPU
		{A6246878-4F92-4CF0-BB68-D754D8A7CDED}.Release|Mixed Platforms.Build.0 = Release|Any CPU
		{A6246878-4F92-4CF0-BB68-D754D8A7CDED}.Release|x64.ActiveCfg = Release|x64
		{A6246878-4F92-4CF0-BB68-D754D8A7CDED}.Release|x64.Build.0 = Release|x64
		{A6246878-4F92-4CF0-BB68-D754D8A7CDED}.Release|x86.ActiveCfg = Release|x86
		{A6246878-4F92-4CF0-BB68-D754D8A7CDED}.Release|x86.Build.0 = Release|x86
		{D17158DA-9933-43EA-8F64-4B3440413768}.Debug|Any CPU.ActiveCfg = Debug|x86
		{D17158DA-9933-43EA-8F64-4B3440413768}.Debug|Mixed Platforms.ActiveCfg = Debug|x86
		{D17158DA-9933-43EA-8F64-4B3440413768}.Debug|Mixed Platforms.Build.0 = Debug|x86
		{D17158DA-9933-43EA-8F64-4B3440413768}.Debug|x64.ActiveCfg = Debug|x64
		{D17158DA-9933-43EA-8F64-4B3440413768}.Debug|x64.Build.0 = Debug|x64
		{D17158DA-9933-43EA-8F64-4B3440413768}.Debug|x86.ActiveCfg = Debug|x86
		{D17158DA-9933-43EA-8F64-4B3440413768}.Debug|x86.Build.0 = Debug|x86
		{D17158DA-9933-43EA-8F64-4B3440413768}.Release|Any CPU.ActiveCfg = Release|x86
		{D17158DA-9933-43EA-8F64-4B3440413768}.Release|Mixed Platforms.ActiveCfg = Release|x86
		{D17158DA-9933-43EA-8F64-4B3440413768}.Release|Mixed Platforms.Build.0 = Release|x86
		{D17158DA-9933-43EA-8F64-4B3440413768}.Release|x64.ActiveCfg = Release|x64
		{D17158DA-9933-43EA-8F64-4B3440413768}.Release|x64.Build.0 = Release|x64
		{D17158DA-9933-43EA-8F64-4B3440413768}.Release|x86.ActiveCfg = Release|x86
		{D17158DA-9933-43EA-8F64-4B3440413768}.Release|x86.Build.0 = Release|x86
		{F25B7A6C-469E-40A5-B919-8A86EDD938B8}.Debug|Any CPU.ActiveCfg = Debug|Any CPU
		{F25B7A6C-469E-40A5-B919-8A86EDD938B8}.Debug|Any CPU.Build.0 = Debug|Any CPU
		{F25B7A6C-469E-40A5-B919-8A86EDD938B8}.Debug|Mixed Platforms.ActiveCfg = Debug|Any CPU
		{F25B7A6C-469E-40A5-B919-8A86EDD938B8}.Debug|Mixed Platforms.Build.0 = Debug|Any CPU
		{F25B7A6C-469E-40A5-B919-8A86EDD938B8}.Debug|x64.ActiveCfg = Debug|x64
		{F25B7A6C-469E-40A5-B919-8A86EDD938B8}.Debug|x64.Build.0 = Debug|x64
		{F25B7A6C-469E-40A5-B919-8A86EDD938B8}.Debug|x86.ActiveCfg = Debug|x86
		{F25B7A6C-469E-40A5-B919-8A86EDD938B8}.Debug|x86.Build.0 = Debug|x86
		{F25B7A6C-469E-40A5-B919-8A86EDD938B8}.Release|Any CPU.ActiveCfg = Release|Any CPU
		{F25B7A6C-469E-40A5-B919-8A86EDD938B8}.Release|Any CPU.Build.0 = Release|Any CPU
		{F25B7A6C-469E-40A5-B919-8A86EDD938B8}.Release|Mixed Platforms.ActiveCfg = Release|Any CPU
		{F25B7A6C-469E-40A5-B919-8A86EDD938B8}.Release|Mixed Platforms.Build.0 = Release|Any CPU
		{F25B7A6C-469E-40A5-B919-8A86EDD938B8}.Release|x64.ActiveCfg = Release|x64
		{F25B7A6C-469E-40A5-B919-8A86EDD938B8}.Release|x64.Build.0 = Release|x64
		{F25B7A6C-469E-40A5-B919-8A86EDD938B8}.Release|x86.ActiveCfg = Release|x86
		{F25B7A6C-469E-40A5-B919-8A86EDD938B8}.Release|x86.Build.0 = Release|x86
		{AB2CE862-7D0A-44E0-A5AF-16277C691884}.Debug|Any CPU.ActiveCfg = Debug|Any CPU
		{AB2CE862-7D0A-44E0-A5AF-16277C691884}.Debug|Any CPU.Build.0 = Debug|Any CPU
		{AB2CE862-7D0A-44E0-A5AF-16277C691884}.Debug|Mixed Platforms.ActiveCfg = Debug|Any CPU
		{AB2CE862-7D0A-44E0-A5AF-16277C691884}.Debug|Mixed Platforms.Build.0 = Debug|Any CPU
		{AB2CE862-7D0A-44E0-A5AF-16277C691884}.Debug|x64.ActiveCfg = Debug|Any CPU
		{AB2CE862-7D0A-44E0-A5AF-16277C691884}.Debug|x86.ActiveCfg = Debug|Any CPU
		{AB2CE862-7D0A-44E0-A5AF-16277C691884}.Release|Any CPU.ActiveCfg = Release|Any CPU
		{AB2CE862-7D0A-44E0-A5AF-16277C691884}.Release|Any CPU.Build.0 = Release|Any CPU
		{AB2CE862-7D0A-44E0-A5AF-16277C691884}.Release|Mixed Platforms.ActiveCfg = Release|Any CPU
		{AB2CE862-7D0A-44E0-A5AF-16277C691884}.Release|Mixed Platforms.Build.0 = Release|Any CPU
		{AB2CE862-7D0A-44E0-A5AF-16277C691884}.Release|x64.ActiveCfg = Release|x64
		{AB2CE862-7D0A-44E0-A5AF-16277C691884}.Release|x86.ActiveCfg = Release|x86
	EndGlobalSection
	GlobalSection(SolutionProperties) = preSolution
		HideSolutionNode = FALSE
	EndGlobalSection
EndGlobal
